{
  "nodes": {
    "home-manager": {
      "inputs": {
        "nixpkgs": [
          "nixpkgs"
        ]
      },
      "locked": {
        "lastModified": 1685721552,
        "narHash": "sha256-ifvq/zlO7lck8q+YkC5uom/h8/MVdMcQEldOL3cDQW0=",
        "owner": "nix-community",
        "repo": "home-manager",
        "rev": "29519461834c08395b35f840811faf8c23e3b61c",
        "type": "github"
      },
      "original": {
        "owner": "nix-community",
        "repo": "home-manager",
        "type": "github"
      }
    },
    "nixpkgs": {
      "locked": {
        "lastModified": 1685714850,
        "narHash": "sha256-OcvbIJq4CGwwFr9m7M/SQcDPZ64hhR4t77oZgEeh7ZY=",
        "owner": "nixos",
        "repo": "nixpkgs",
        "rev": "c6ffce3d5df7b4c588ce80a0c6e2d2348a611707",
        "type": "github"
      },
      "original": {
        "owner": "nixos",
        "ref": "nixpkgs-unstable",
        "repo": "nixpkgs",
        "type": "github"
      }
    },
    "nixpkgs_2": {
      "locked": {
        "lastModified": 1683475240,
        "narHash": "sha256-sy6MYoCaIZsOenYplbzVXI4Ce9Bp/vIOpuFa97+a6wc=",
        "owner": "NixOS",
        "repo": "nixpkgs",
        "rev": "e040aab15638aaf8d0786894851a2b1ca09a7baf",
        "type": "github"
      },
      "original": {
        "owner": "NixOS",
        "ref": "nixpkgs-unstable",
        "repo": "nixpkgs",
        "type": "github"
      }
    },
    "nur": {
      "locked": {
        "lastModified": 1687291945,
        "narHash": "sha256-wurtV8cWN5nkmnP6YvN/kjvb70Umm3Ska346Epf780I=",
        "owner": "nix-community",
        "repo": "NUR",
        "rev": "1899d2c346f8b87a7ef57b6f59e02924b96ceeba",
        "type": "github"
      },
      "original": {
        "owner": "nix-community",
        "repo": "NUR",
        "type": "github"
      }
    },
    "root": {
      "inputs": {
        "home-manager": "home-manager",
        "nixpkgs": "nixpkgs",
        "nur": "nur",
        "sanctureplicum-nur": "sanctureplicum-nur"
      }
    },
    "sanctureplicum-nur": {
      "inputs": {
        "nixpkgs": "nixpkgs_2"
      },
      "locked": {
        "lastModified": 1686890354,
        "narHash": "sha256-a8Yxu4ApSk6fhfRoHvnWhUJuOG/A7BVASczKtdXMzf0=",
        "ref": "refs/heads/main",
        "rev": "72e258ac341e9e91314a2738b7577273354a386b",
        "revCount": 24,
        "type": "git",
        "url": "https://gitea.pid1.sh/sanctureplicum/nur.git"
      },
      "original": {
        "type": "git",
        "url": "https://gitea.pid1.sh/sanctureplicum/nur.git"
      }
    }
  },
  "root": "root",
  "version": 7
}
