{
  "nodes": {
    "flake-compat": {
      "flake": false,
      "locked": {
        "lastModified": 1673956053,
        "narHash": "sha256-4gtG9iQuiKITOjNQQeQIpoIB6b16fm+504Ch3sNKLd8=",
        "owner": "edolstra",
        "repo": "flake-compat",
        "rev": "35bb57c0c8d8b62bbfd284272c928ceb64ddbde9",
        "type": "github"
      },
      "original": {
        "owner": "edolstra",
        "repo": "flake-compat",
        "type": "github"
      }
    },
    "flake-utils": {
      "locked": {
        "lastModified": 1659877975,
        "narHash": "sha256-zllb8aq3YO3h8B/U0/J1WBgAL8EX5yWf5pMj3G0NAmc=",
        "owner": "numtide",
        "repo": "flake-utils",
        "rev": "c0e246b9b83f637f4681389ecabcb2681b4f3af0",
        "type": "github"
      },
      "original": {
        "owner": "numtide",
        "repo": "flake-utils",
        "type": "github"
      }
    },
    "home-manager": {
      "inputs": {
        "nixpkgs": [
          "nixpkgs"
        ]
      },
      "locked": {
        "lastModified": 1689362769,
        "narHash": "sha256-5V7Z7T9019pGsFnYH6va5h6Wveq8FKmXa/xLfj0DhNI=",
        "owner": "nix-community",
        "repo": "home-manager",
        "rev": "c1cdce3d89741d402d8fd2c93e3d2643ff85b053",
        "type": "github"
      },
      "original": {
        "owner": "nix-community",
        "repo": "home-manager",
        "type": "github"
      }
    },
    "nixpkgs": {
      "locked": {
        "lastModified": 1689321787,
        "narHash": "sha256-ifk7hrfWnJaLlcjCf8YaWDR+9kQ0uT3x9eCz31D9qB0=",
        "owner": "nixos",
        "repo": "nixpkgs",
        "rev": "c11464c6625d9a71d91a3718a3567394638efc3e",
        "type": "github"
      },
      "original": {
        "owner": "nixos",
        "ref": "nixpkgs-unstable",
        "repo": "nixpkgs",
        "type": "github"
      }
    },
    "nixpkgs_2": {
      "locked": {
        "lastModified": 1683475240,
        "narHash": "sha256-sy6MYoCaIZsOenYplbzVXI4Ce9Bp/vIOpuFa97+a6wc=",
        "owner": "NixOS",
        "repo": "nixpkgs",
        "rev": "e040aab15638aaf8d0786894851a2b1ca09a7baf",
        "type": "github"
      },
      "original": {
        "owner": "NixOS",
        "ref": "nixpkgs-unstable",
        "repo": "nixpkgs",
        "type": "github"
      }
    },
    "nixpkgs_3": {
      "locked": {
        "lastModified": 1689088367,
        "narHash": "sha256-Y2tl2TlKCWEHrOeM9ivjCLlRAKH3qoPUE/emhZECU14=",
        "owner": "NixOS",
        "repo": "nixpkgs",
        "rev": "5c9ddb86679c400d6b7360797b8a22167c2053f8",
        "type": "github"
      },
      "original": {
        "owner": "NixOS",
        "ref": "release-23.05",
        "repo": "nixpkgs",
        "type": "github"
      }
    },
    "nur": {
      "locked": {
        "lastModified": 1689364020,
        "narHash": "sha256-B/WwnPauIwdtUZx+F6l1c1S2h3z3hTf3Zy7uRZm2+Po=",
        "owner": "nix-community",
        "repo": "NUR",
        "rev": "bee3a6a559df309d95efa57686f88142bbf7d8b6",
        "type": "github"
      },
      "original": {
        "owner": "nix-community",
        "repo": "NUR",
        "type": "github"
      }
    },
    "root": {
      "inputs": {
        "home-manager": "home-manager",
        "nixpkgs": "nixpkgs",
        "nur": "nur",
        "sanctureplicum-nur": "sanctureplicum-nur",
        "zig": "zig"
      }
    },
    "sanctureplicum-nur": {
      "inputs": {
        "nixpkgs": "nixpkgs_2"
      },
      "locked": {
        "lastModified": 1686890354,
        "narHash": "sha256-a8Yxu4ApSk6fhfRoHvnWhUJuOG/A7BVASczKtdXMzf0=",
        "ref": "refs/heads/main",
        "rev": "72e258ac341e9e91314a2738b7577273354a386b",
        "revCount": 24,
        "type": "git",
        "url": "https://gitea.pid1.sh/sanctureplicum/nur.git"
      },
      "original": {
        "type": "git",
        "url": "https://gitea.pid1.sh/sanctureplicum/nur.git"
      }
    },
    "zig": {
      "inputs": {
        "flake-compat": "flake-compat",
        "flake-utils": "flake-utils",
        "nixpkgs": "nixpkgs_3"
      },
      "locked": {
        "lastModified": 1691454257,
        "narHash": "sha256-u9b+tjogmh+Hw0if7VGOkyrXa+Dd/toht2jBEm5kwZI=",
        "owner": "mitchellh",
        "repo": "zig-overlay",
        "rev": "1ba02352b58c1d33e04e95ad837808fbd5b9c613",
        "type": "github"
      },
      "original": {
        "owner": "mitchellh",
        "repo": "zig-overlay",
        "type": "github"
      }
    }
  },
  "root": "root",
  "version": 7
}
