{
  "nodes": {
    "home-manager": {
      "inputs": {
        "nixpkgs": [
          "nixpkgs"
        ]
      },
      "locked": {
        "lastModified": 1689362769,
        "narHash": "sha256-5V7Z7T9019pGsFnYH6va5h6Wveq8FKmXa/xLfj0DhNI=",
        "owner": "nix-community",
        "repo": "home-manager",
        "rev": "c1cdce3d89741d402d8fd2c93e3d2643ff85b053",
        "type": "github"
      },
      "original": {
        "owner": "nix-community",
        "repo": "home-manager",
        "type": "github"
      }
    },
    "nixpkgs": {
      "locked": {
        "lastModified": 1689321787,
        "narHash": "sha256-ifk7hrfWnJaLlcjCf8YaWDR+9kQ0uT3x9eCz31D9qB0=",
        "owner": "nixos",
        "repo": "nixpkgs",
        "rev": "c11464c6625d9a71d91a3718a3567394638efc3e",
        "type": "github"
      },
      "original": {
        "owner": "nixos",
        "ref": "nixpkgs-unstable",
        "repo": "nixpkgs",
        "type": "github"
      }
    },
    "nixpkgs_2": {
      "locked": {
        "lastModified": 1683475240,
        "narHash": "sha256-sy6MYoCaIZsOenYplbzVXI4Ce9Bp/vIOpuFa97+a6wc=",
        "owner": "NixOS",
        "repo": "nixpkgs",
        "rev": "e040aab15638aaf8d0786894851a2b1ca09a7baf",
        "type": "github"
      },
      "original": {
        "owner": "NixOS",
        "ref": "nixpkgs-unstable",
        "repo": "nixpkgs",
        "type": "github"
      }
    },
    "nur": {
      "locked": {
        "lastModified": 1689364020,
        "narHash": "sha256-B/WwnPauIwdtUZx+F6l1c1S2h3z3hTf3Zy7uRZm2+Po=",
        "owner": "nix-community",
        "repo": "NUR",
        "rev": "bee3a6a559df309d95efa57686f88142bbf7d8b6",
        "type": "github"
      },
      "original": {
        "owner": "nix-community",
        "repo": "NUR",
        "type": "github"
      }
    },
    "root": {
      "inputs": {
        "home-manager": "home-manager",
        "nixpkgs": "nixpkgs",
        "nur": "nur",
        "sanctureplicum-nur": "sanctureplicum-nur"
      }
    },
    "sanctureplicum-nur": {
      "inputs": {
        "nixpkgs": "nixpkgs_2"
      },
      "locked": {
        "lastModified": 1686890354,
        "narHash": "sha256-a8Yxu4ApSk6fhfRoHvnWhUJuOG/A7BVASczKtdXMzf0=",
        "ref": "refs/heads/main",
        "rev": "72e258ac341e9e91314a2738b7577273354a386b",
        "revCount": 24,
        "type": "git",
        "url": "https://gitea.pid1.sh/sanctureplicum/nur.git"
      },
      "original": {
        "type": "git",
        "url": "https://gitea.pid1.sh/sanctureplicum/nur.git"
      }
    }
  },
  "root": "root",
  "version": 7
}
